
Microsoft Visual Studio Solution File, Format Version 12.00
# Visual Studio Version 16
VisualStudioVersion = 16.0.29911.84
MinimumVisualStudioVersion = 10.0.40219.1
Project("{9A19103F-16F7-4668-BE54-9A1E7A4F7556}") = "MicroServicesMonitor", "MicroServicesMonitor.csproj", "{4146634D-80A5-45BF-A2A5-5CE07BC18DA4}"
EndProject
Project("{9A19103F-16F7-4668-BE54-9A1E7A4F7556}") = "MicroServicesMonitorCore", "..\MicroServicesMonitorCore\MicroServicesMonitorCore.csproj", "{F1A4306A-42D9-46BF-9AB5-6A8AF210C28C}"
EndProject
Global
	GlobalSection(SolutionConfigurationPlatforms) = preSolution
		Debug|Any CPU = Debug|Any CPU
		Release|Any CPU = Release|Any CPU
	EndGlobalSection
	GlobalSection(ProjectConfigurationPlatforms) = postSolution
		{4146634D-80A5-45BF-A2A5-5CE07BC18DA4}.Debug|Any CPU.ActiveCfg = Debug|Any CPU
		{4146634D-80A5-45BF-A2A5-5CE07BC18DA4}.Debug|Any CPU.Build.0 = Debug|Any CPU
		{4146634D-80A5-45BF-A2A5-5CE07BC18DA4}.Release|Any CPU.ActiveCfg = Release|Any CPU
		{4146634D-80A5-45BF-A2A5-5CE07BC18DA4}.Release|Any CPU.Build.0 = Release|Any CPU
		{F1A4306A-42D9-46BF-9AB5-6A8AF210C28C}.Debug|Any CPU.ActiveCfg = Debug|Any CPU
		{F1A4306A-42D9-46BF-9AB5-6A8AF210C28C}.Debug|Any CPU.Build.0 = Debug|Any CPU
		{F1A4306A-42D9-46BF-9AB5-6A8AF210C28C}.Release|Any CPU.ActiveCfg = Release|Any CPU
		{F1A4306A-42D9-46BF-9AB5-6A8AF210C28C}.Release|Any CPU.Build.0 = Release|Any CPU
	EndGlobalSection
	GlobalSection(SolutionProperties) = preSolution
		HideSolutionNode = FALSE
	EndGlobalSection
	GlobalSection(ExtensibilityGlobals) = postSolution
		SolutionGuid = {9C3F07E7-6CBA-4D1B-A730-658BA7A3A216}
	EndGlobalSection
EndGlobal
